# generated by rye
# use `rye lock` or `rye sync` to update this lockfile
#
# last locked with the following flags:
#   pre: false
#   features: []
#   all-features: false
#   with-sources: false

-e file:.
contourpy==1.1.1
    # via matplotlib
cycler==0.12.1
    # via matplotlib
defusedxml==0.7.1
    # via odfpy
et-xmlfile==1.1.0
    # via openpyxl
exifread==3.0.0
    # via boris-behav-obs
fonttools==4.50.0
    # via matplotlib
importlib-resources==6.4.0
    # via matplotlib
kiwisolver==1.4.5
    # via matplotlib
matplotlib==3.7.5
    # via boris-behav-obs
numpy==1.26.4
    # via boris-behav-obs
    # via contourpy
    # via matplotlib
    # via pandas
odfpy==1.4.1
    # via tablib
openpyxl==3.1.2
    # via tablib
packaging==24.0
    # via matplotlib
pandas==2.2.2
    # via boris-behav-obs
    # via pyreadr
    # via tablib
pillow==10.2.0
    # via matplotlib
pyparsing==3.1.2
    # via matplotlib
pyqt5==5.15.10
    # via boris-behav-obs
pyqt5-qt5==5.15.2
    # via pyqt5
pyqt5-sip==12.13.0
    # via pyqt5
pyreadr==0.5.0
    # via boris-behav-obs
python-dateutil==2.9.0.post0
    # via matplotlib
    # via pandas
pytz==2024.1
    # via pandas
six==1.16.0
    # via python-dateutil
tablib==3.6.0
    # via boris-behav-obs
tabulate==0.9.0
    # via tablib
tzdata==2024.1
    # via pandas
xlrd==2.0.1
    # via tablib
xlwt==1.3.0
    # via tablib
zipp==3.18.1
    # via importlib-resources
